{
  "name": "libretexts-assessment-ai-static-assets",
  "version": "1.0.0",
  "lockfileVersion": 3,
  "requires": true,
  "packages": {
    "": {
      "name": "libretexts-assessment-ai-static-assets",
      "version": "1.0.0",
      "license": "MIT",
      "dependencies": {
        "@mathjax/mathjax-mhchem-font-extension": "4.1.0",
        "@mathjax/mathjax-newcm-font": "4.1.0",
        "mathjax": "4.1.0"
      }
    },
    "node_modules/@mathjax/mathjax-mhchem-font-extension": {
      "version": "4.1.0",
      "resolved": "https://registry.npmjs.org/@mathjax/mathjax-mhchem-font-extension/-/mathjax-mhchem-font-extension-4.1.0.tgz",
      "integrity": "sha512-1FWrDbsHmcp3AoGl3lD/7Q9ZeIss6DzU/owcSScCmjFLp8twC1horSBHiVhbHrAF+ewP2pMXkK3N4nWqEjK01A==",
      "license": "Apache-2.0"
    },
    "node_modules/@mathjax/mathjax-newcm-font": {
      "version": "4.1.0",
      "resolved": "https://registry.npmjs.org/@mathjax/mathjax-newcm-font/-/mathjax-newcm-font-4.1.0.tgz",
      "integrity": "sha512-n10AwYubUa2hyOzxSRzkwRrgCVns083zkentryXICMPKaWT/watfvK2sUk5D9Bow9mpDfoqb5EWApuUvqnlzaw==",
      "license": "Apache-2.0"
    },
    "node_modules/mathjax": {
      "version": "4.1.0",
      "resolved": "https://registry.npmjs.org/mathjax/-/mathjax-4.1.0.tgz",
      "integrity": "sha512-53eDXzxk40pS2sdI6KDCPoreY95ADaGygbi41ExKmn3FYQ+QIdpquIU90eppecelzQjf74kpScyeplVPccnIJw==",
      "license": "Apache-2.0",
      "dependencies": {
        "@mathjax/mathjax-newcm-font": "^4.1.0"
      }
    }
  }
}
